
Microsoft Visual Studio Solution File, Format Version 12.00
# Visual Studio Version 17
VisualStudioVersion = 17.0.31903.59
MinimumVisualStudioVersion = 10.0.40219.1
Project("{FAE04EC0-301F-11D3-BF4B-00C04F79EFBC}") = "WMJ.ScaleModelLibrary", "WMJ.ScaleModelLibrary\WMJ.ScaleModelLibrary.csproj", "{33FB2BB8-8AD3-40C9-9DFC-20FFDCA7B6B4}"
EndProject
Project("{FAE04EC0-301F-11D3-BF4B-00C04F79EFBC}") = "Test-WMJ.ScaleModelLibrary", "Test-WMJ.ScaleModelLibrary\Test-WMJ.ScaleModelLibrary.csproj", "{FC5BBDD0-5509-4FEA-B95F-6FB6C0E365A0}"
EndProject
Global
	GlobalSection(SolutionConfigurationPlatforms) = preSolution
		Debug|Any CPU = Debug|Any CPU
		Release|Any CPU = Release|Any CPU
	EndGlobalSection
	GlobalSection(SolutionProperties) = preSolution
		HideSolutionNode = FALSE
	EndGlobalSection
	GlobalSection(ProjectConfigurationPlatforms) = postSolution
		{33FB2BB8-8AD3-40C9-9DFC-20FFDCA7B6B4}.Debug|Any CPU.ActiveCfg = Debug|Any CPU
		{33FB2BB8-8AD3-40C9-9DFC-20FFDCA7B6B4}.Debug|Any CPU.Build.0 = Debug|Any CPU
		{33FB2BB8-8AD3-40C9-9DFC-20FFDCA7B6B4}.Release|Any CPU.ActiveCfg = Release|Any CPU
		{33FB2BB8-8AD3-40C9-9DFC-20FFDCA7B6B4}.Release|Any CPU.Build.0 = Release|Any CPU
		{1D0B90B6-BB3A-4C21-A95C-1AFA8D5D58B6}.Debug|Any CPU.ActiveCfg = Debug|Any CPU
		{1D0B90B6-BB3A-4C21-A95C-1AFA8D5D58B6}.Debug|Any CPU.Build.0 = Debug|Any CPU
		{1D0B90B6-BB3A-4C21-A95C-1AFA8D5D58B6}.Release|Any CPU.ActiveCfg = Release|Any CPU
		{1D0B90B6-BB3A-4C21-A95C-1AFA8D5D58B6}.Release|Any CPU.Build.0 = Release|Any CPU
		{FC5BBDD0-5509-4FEA-B95F-6FB6C0E365A0}.Debug|Any CPU.ActiveCfg = Debug|Any CPU
		{FC5BBDD0-5509-4FEA-B95F-6FB6C0E365A0}.Debug|Any CPU.Build.0 = Debug|Any CPU
		{FC5BBDD0-5509-4FEA-B95F-6FB6C0E365A0}.Release|Any CPU.ActiveCfg = Release|Any CPU
		{FC5BBDD0-5509-4FEA-B95F-6FB6C0E365A0}.Release|Any CPU.Build.0 = Release|Any CPU
	EndGlobalSection
EndGlobal
